
Microsoft Visual Studio Solution File, Format Version 12.00
# Visual Studio Version 17
VisualStudioVersion = 17.6.33815.320
MinimumVisualStudioVersion = 10.0.40219.1
Project("{8BC9CEB8-8B4A-11D0-8D11-00A0C91BC942}") = "Sunstone", "Sunstone.vcxproj", "{105617B6-BDD7-465A-9253-D9C4B083011F}"
EndProject
Global
	GlobalSection(SolutionConfigurationPlatforms) = preSolution
		Debug|x64 = Debug|x64
		Debug|x86 = Debug|x86
		Release|x64 = Release|x64
		Release|x86 = Release|x86
	EndGlobalSection
	GlobalSection(ProjectConfigurationPlatforms) = postSolution
		{105617B6-BDD7-465A-9253-D9C4B083011F}.Debug|x64.ActiveCfg = Debug|x64
		{105617B6-BDD7-465A-9253-D9C4B083011F}.Debug|x64.Build.0 = Debug|x64
		{105617B6-BDD7-465A-9253-D9C4B083011F}.Debug|x86.ActiveCfg = Debug|Win32
		{105617B6-BDD7-465A-9253-D9C4B083011F}.Debug|x86.Build.0 = Debug|Win32
		{105617B6-BDD7-465A-9253-D9C4B083011F}.Release|x64.ActiveCfg = Release|x64
		{105617B6-BDD7-465A-9253-D9C4B083011F}.Release|x64.Build.0 = Release|x64
		{105617B6-BDD7-465A-9253-D9C4B083011F}.Release|x86.ActiveCfg = Release|Win32
		{105617B6-BDD7-465A-9253-D9C4B083011F}.Release|x86.Build.0 = Release|Win32
	EndGlobalSection
	GlobalSection(SolutionProperties) = preSolution
		HideSolutionNode = FALSE
	EndGlobalSection
	GlobalSection(ExtensibilityGlobals) = postSolution
		SolutionGuid = {8CD6E38D-9518-4572-997A-28F897413BD2}
	EndGlobalSection
EndGlobal
